{
    "_readme": [
        "This file locks the dependencies of your project to a known state",
        "Read more about it at https://getcomposer.org/doc/01-basic-usage.md#composer-lock-the-lock-file",
        "This file is @generated automatically"
    ],
    "hash": "78a75669a2e0f94c515efb7f0285f26c",
    "content-hash": "6862b26d6fa461bd235dc81166a25216",
    "packages": [
        {
            "name": "ajaxorg/ace-builds",
            "version": "1.2.3",
            "source": {
                "type": "git",
                "url": "https://github.com/ajaxorg/ace-builds",
                "reference": "master"
            },
            "type": "library"
        },
        {
            "name": "aramk/CSSJSON",
            "version": "2.1.0",
            "source": {
                "type": "git",
                "url": "https://github.com/aramk/CSSJSON",
                "reference": "master"
            },
            "type": "library"
        },
        {
            "name": "moagrius/copycss",
            "version": "1.0.0",
            "source": {
                "type": "git",
                "url": "https://github.com/moagrius/copycss",
                "reference": "master"
            },
            "type": "library"
        },
        {
            "name": "tdolsen/jquery-dump",
            "version": "1.0.0",
            "source": {
                "type": "git",
                "url": "https://github.com/tdolsen/jquery-dump",
                "reference": "master"
            },
            "type": "library"
        }
    ],
    "packages-dev": [],
    "aliases": [],
    "minimum-stability": "stable",
    "stability-flags": [],
    "prefer-stable": false,
    "prefer-lowest": false,
    "platform": [],
    "platform-dev": []
}
